dependencies:
- name: kube-prometheus-stack
  repository: https://prometheus-community.github.io/helm-charts
  version: 84.0.0
- name: prometheus-redis-exporter
  repository: https://prometheus-community.github.io/helm-charts
  version: 6.23.0
- name: yet-another-cloudwatch-exporter
  repository: https://prometheus-community.github.io/helm-charts
  version: 0.39.1
- name: prometheus-adapter
  repository: https://prometheus-community.github.io/helm-charts
  version: 5.2.0
digest: sha256:a5d5b962c509867408dbaa79001f8690d182462a778a372b1d550d07b5ee6da3
generated: "2026-05-10T09:27:58.795501856+09:00"
