dependencies:
- name: kube-prometheus-stack
  repository: https://prometheus-community.github.io/helm-charts
  version: 84.0.0
- name: prometheus-redis-exporter
  repository: https://prometheus-community.github.io/helm-charts
  version: 6.23.0
- name: yet-another-cloudwatch-exporter
  repository: https://prometheus-community.github.io/helm-charts
  version: 0.39.1
digest: sha256:d32a871711e764e5c495b3d500ef07568992bdd9d21f0ac35cdf6d5c5616de51
generated: "2026-05-08T18:11:41.036460697+09:00"
