dependencies:
- name: kube-prometheus-stack
  repository: https://prometheus-community.github.io/helm-charts
  version: 84.0.0
- name: prometheus-redis-exporter
  repository: https://prometheus-community.github.io/helm-charts
  version: 6.23.0
- name: yet-another-cloudwatch-exporter
  repository: https://prometheus-community.github.io/helm-charts
  version: 0.39.1
- name: prometheus-adapter
  repository: https://prometheus-community.github.io/helm-charts
  version: 5.2.0
digest: sha256:PLACEHOLDER_REQUIRES_HELM_DEPENDENCY_UPDATE
generated: "2026-05-10T03:00:00+09:00"
